
Microsoft Visual Studio Solution File, Format Version 12.00
# Visual Studio 15
Project("{FAE04EC0-301F-11D3-BF4B-00C04F79EFBC}") = "Assembly-CSharp", "Assembly-CSharp.csproj", "{021CC714-BE60-4653-EE3D-5059371BC89D}"
EndProject
Project("{FAE04EC0-301F-11D3-BF4B-00C04F79EFBC}") = "Sirenix.OdinInspector.CompatibilityLayer", "Sirenix.OdinInspector.CompatibilityLayer.csproj", "{B376FDED-A388-766D-A709-10F12AD6B74D}"
EndProject
Project("{FAE04EC0-301F-11D3-BF4B-00C04F79EFBC}") = "Sirenix.OdinInspector.CompatibilityLayer.Editor", "Sirenix.OdinInspector.CompatibilityLayer.Editor.csproj", "{860080A1-1955-8EC8-F958-0BB3E6C8C448}"
EndProject
Global
	GlobalSection(SolutionConfigurationPlatforms) = preSolution
		Debug|Any CPU = Debug|Any CPU
		Release|Any CPU = Release|Any CPU
	EndGlobalSection
	GlobalSection(ProjectConfigurationPlatforms) = postSolution
		{021CC714-BE60-4653-EE3D-5059371BC89D}.Debug|Any CPU.ActiveCfg = Debug|Any CPU
		{021CC714-BE60-4653-EE3D-5059371BC89D}.Debug|Any CPU.Build.0 = Debug|Any CPU
		{021CC714-BE60-4653-EE3D-5059371BC89D}.Release|Any CPU.ActiveCfg = Release|Any CPU
		{021CC714-BE60-4653-EE3D-5059371BC89D}.Release|Any CPU.Build.0 = Release|Any CPU
		{B376FDED-A388-766D-A709-10F12AD6B74D}.Debug|Any CPU.ActiveCfg = Debug|Any CPU
		{B376FDED-A388-766D-A709-10F12AD6B74D}.Debug|Any CPU.Build.0 = Debug|Any CPU
		{B376FDED-A388-766D-A709-10F12AD6B74D}.Release|Any CPU.ActiveCfg = Release|Any CPU
		{B376FDED-A388-766D-A709-10F12AD6B74D}.Release|Any CPU.Build.0 = Release|Any CPU
		{860080A1-1955-8EC8-F958-0BB3E6C8C448}.Debug|Any CPU.ActiveCfg = Debug|Any CPU
		{860080A1-1955-8EC8-F958-0BB3E6C8C448}.Debug|Any CPU.Build.0 = Debug|Any CPU
		{860080A1-1955-8EC8-F958-0BB3E6C8C448}.Release|Any CPU.ActiveCfg = Release|Any CPU
		{860080A1-1955-8EC8-F958-0BB3E6C8C448}.Release|Any CPU.Build.0 = Release|Any CPU
	EndGlobalSection
	GlobalSection(SolutionProperties) = preSolution
		HideSolutionNode = FALSE
	EndGlobalSection
EndGlobal
